# This file was autogenerated by Stack.
# You should not edit this file by hand.
# For more information, please see the documentation at:
#   https://docs.haskellstack.org/en/stable/lock_files

packages:
- completed:
    hackage: finite-field-0.10.0@sha256:f676a7abf829f27fee189036219c0326dce68a435bcdddc26319afff4008d8f4,2164
    pantry-tree:
      size: 633
      sha256: fa3b82854d4112e43eb27e3666bd2e9802d5adf9af20a3a4236b98de12e3c029
  original:
    hackage: finite-field-0.10.0@sha256:f676a7abf829f27fee189036219c0326dce68a435bcdddc26319afff4008d8f4,2164
snapshots:
- completed:
    size: 567241
    url: https://raw.githubusercontent.com/commercialhaskell/stackage-snapshots/master/lts/17/10.yaml
    sha256: 321b3b9f0c7f76994b39e0dabafdc76478274b4ff74cc5e43d410897a335ad3b
  original: lts-17.10
